
Microsoft Visual Studio Solution File, Format Version 12.00
# Visual Studio Version 17
VisualStudioVersion = 17.4.33110.190
MinimumVisualStudioVersion = 10.0.40219.1
Project("{FAE04EC0-301F-11D3-BF4B-00C04F79EFBC}") = "TrelloJsonQueryApp", "TrelloJsonQueryApp.csproj", "{36B87E09-B085-46BF-AB9A-C41366B15751}"
EndProject
Global
	GlobalSection(SolutionConfigurationPlatforms) = preSolution
		Debug|Any CPU = Debug|Any CPU
		Release|Any CPU = Release|Any CPU
	EndGlobalSection
	GlobalSection(ProjectConfigurationPlatforms) = postSolution
		{36B87E09-B085-46BF-AB9A-C41366B15751}.Debug|Any CPU.ActiveCfg = Debug|Any CPU
		{36B87E09-B085-46BF-AB9A-C41366B15751}.Debug|Any CPU.Build.0 = Debug|Any CPU
		{36B87E09-B085-46BF-AB9A-C41366B15751}.Release|Any CPU.ActiveCfg = Release|Any CPU
		{36B87E09-B085-46BF-AB9A-C41366B15751}.Release|Any CPU.Build.0 = Release|Any CPU
	EndGlobalSection
	GlobalSection(SolutionProperties) = preSolution
		HideSolutionNode = FALSE
	EndGlobalSection
	GlobalSection(ExtensibilityGlobals) = postSolution
		SolutionGuid = {D0F1875E-EFAF-4076-8680-207480589979}
	EndGlobalSection
EndGlobal
